
Microsoft Visual Studio Solution File, Format Version 12.00
Project("{FAE04EC0-301F-11D3-BF4B-00C04F79EFBC}") = "Lab 1", "Lab 1\Lab 1.csproj", "{70D51D52-EB03-46F1-B325-6327E8D86486}"
EndProject
Global
	GlobalSection(SolutionConfigurationPlatforms) = preSolution
		Debug|Any CPU = Debug|Any CPU
		Release|Any CPU = Release|Any CPU
	EndGlobalSection
	GlobalSection(ProjectConfigurationPlatforms) = postSolution
		{70D51D52-EB03-46F1-B325-6327E8D86486}.Debug|Any CPU.ActiveCfg = Debug|Any CPU
		{70D51D52-EB03-46F1-B325-6327E8D86486}.Debug|Any CPU.Build.0 = Debug|Any CPU
		{70D51D52-EB03-46F1-B325-6327E8D86486}.Release|Any CPU.ActiveCfg = Release|Any CPU
		{70D51D52-EB03-46F1-B325-6327E8D86486}.Release|Any CPU.Build.0 = Release|Any CPU
	EndGlobalSection
EndGlobal
