
Microsoft Visual Studio Solution File, Format Version 12.00
Project("{FAE04EC0-301F-11D3-BF4B-00C04F79EFBC}") = "Lab 7", "Lab 7\Lab 7.csproj", "{1960C609-59DD-4653-8234-70E48A95F525}"
EndProject
Global
	GlobalSection(SolutionConfigurationPlatforms) = preSolution
		Debug|Any CPU = Debug|Any CPU
		Release|Any CPU = Release|Any CPU
	EndGlobalSection
	GlobalSection(ProjectConfigurationPlatforms) = postSolution
		{1960C609-59DD-4653-8234-70E48A95F525}.Debug|Any CPU.ActiveCfg = Debug|Any CPU
		{1960C609-59DD-4653-8234-70E48A95F525}.Debug|Any CPU.Build.0 = Debug|Any CPU
		{1960C609-59DD-4653-8234-70E48A95F525}.Release|Any CPU.ActiveCfg = Release|Any CPU
		{1960C609-59DD-4653-8234-70E48A95F525}.Release|Any CPU.Build.0 = Release|Any CPU
	EndGlobalSection
EndGlobal
